
Microsoft Visual Studio Solution File, Format Version 12.00
# Visual Studio Version 16
VisualStudioVersion = 16.0.30717.126
MinimumVisualStudioVersion = 10.0.40219.1
Project("{9A19103F-16F7-4668-BE54-9A1E7A4F7556}") = "ConnectFour.UI", "ConnectFour.UI\ConnectFour.UI.csproj", "{1C873E05-9C95-4BE2-8EE6-8A1FE6916C6B}"
EndProject
Project("{9A19103F-16F7-4668-BE54-9A1E7A4F7556}") = "ConnectFour.Engine", "ConnectFour.Engine\ConnectFour.Engine.csproj", "{845AB37A-88BF-48E0-A653-C3B8E77E65C5}"
EndProject
Project("{9A19103F-16F7-4668-BE54-9A1E7A4F7556}") = "ConnectFour.Interfaces", "ConnectFour.Interfaces\ConnectFour.Interfaces.csproj", "{EEF4A578-EC1E-42EF-89A2-8A09D053C86A}"
EndProject
Project("{2150E333-8FDC-42A3-9474-1A3956D46DE8}") = "Strategies", "Strategies", "{E296DC13-E25C-493F-9C2E-C4659238EF2C}"
EndProject
Project("{9A19103F-16F7-4668-BE54-9A1E7A4F7556}") = "ConnectFour.Strategy.01.Random", "ConnectFour.Strategy.01.Random\ConnectFour.Strategy.01.Random.csproj", "{6D14065B-B11C-42A8-8BF0-97DCFBD4AA2A}"
EndProject
Project("{9A19103F-16F7-4668-BE54-9A1E7A4F7556}") = "ConnectFour.Strategy.02.MakeWinningMove", "ConnectFour.Strategy.02.MakeWinningMove\ConnectFour.Strategy.02.MakeWinningMove.csproj", "{7D489C73-EB8F-4C7A-A4D6-87A413004D72}"
EndProject
Project("{9A19103F-16F7-4668-BE54-9A1E7A4F7556}") = "ConnectFour.Strategy.03.BlockOpponentsLine", "ConnectFour.Strategy.03.BlockOpponentsLine\ConnectFour.Strategy.03.BlockOpponentsLine.csproj", "{EA201109-2C3D-43B2-A955-7210855A869A}"
EndProject
Project("{9A19103F-16F7-4668-BE54-9A1E7A4F7556}") = "ConnectFour.Strategy.04.DontGiveOpponentWinningMove", "ConnectFour.Strategy.04.DontGiveOpponentWinningMove\ConnectFour.Strategy.04.DontGiveOpponentWinningMove.csproj", "{D244554C-ED0F-43BA-A56B-CC6B00D4C722}"
EndProject
Project("{9A19103F-16F7-4668-BE54-9A1E7A4F7556}") = "ConnectFour.Strategy.05.FindMoveWithHighestLineCount", "ConnectFour.Strategy.05.FindMoveWithHighestLineCount\ConnectFour.Strategy.05.FindMoveWithHighestLineCount.csproj", "{93C1D0AA-9A98-467D-B7C7-E5E6D2DD9D51}"
EndProject
Project("{9A19103F-16F7-4668-BE54-9A1E7A4F7556}") = "ConnectFour.Strategy.06.CountLineChips", "ConnectFour.Strategy.06.CountLineChips\ConnectFour.Strategy.06.CountLineChips.csproj", "{C407D53E-54B8-4895-909F-4739D57EB49D}"
EndProject
Project("{9A19103F-16F7-4668-BE54-9A1E7A4F7556}") = "ConnectFour.Strategy.07.FindDoubleThreat", "ConnectFour.Strategy.07.FindDoubleThreat\ConnectFour.Strategy.07.FindDoubleThreat.csproj", "{A58E1666-127B-4F72-8069-808891B2BEE1}"
EndProject
Project("{9A19103F-16F7-4668-BE54-9A1E7A4F7556}") = "ConnectFour.Strategy.08.BlockDoubleThreat", "ConnectFour.Strategy.08.BlockDoubleThreat\ConnectFour.Strategy.08.BlockDoubleThreat.csproj", "{E4F63989-76BC-4221-B09E-044E7C17DB7E}"
EndProject
Project("{9A19103F-16F7-4668-BE54-9A1E7A4F7556}") = "ConnectFour.Strategy.09.BruteForce", "ConnectFour.Strategy.09.BruteForce\ConnectFour.Strategy.09.BruteForce.csproj", "{64E7C471-B49C-423F-9D4A-1C605E708F0C}"
EndProject
Project("{9A19103F-16F7-4668-BE54-9A1E7A4F7556}") = "ConnectFour.Strategy.10.BoundedSearch", "ConnectFour.Strategy.10.BoundedSearch\ConnectFour.Strategy.10.BoundedSearch.csproj", "{BE52529D-06D2-4B7D-9A8A-7441A7294C89}"
EndProject
Global
	GlobalSection(SolutionConfigurationPlatforms) = preSolution
		Debug|Any CPU = Debug|Any CPU
		Release|Any CPU = Release|Any CPU
	EndGlobalSection
	GlobalSection(ProjectConfigurationPlatforms) = postSolution
		{1C873E05-9C95-4BE2-8EE6-8A1FE6916C6B}.Debug|Any CPU.ActiveCfg = Debug|Any CPU
		{1C873E05-9C95-4BE2-8EE6-8A1FE6916C6B}.Debug|Any CPU.Build.0 = Debug|Any CPU
		{1C873E05-9C95-4BE2-8EE6-8A1FE6916C6B}.Release|Any CPU.ActiveCfg = Release|Any CPU
		{1C873E05-9C95-4BE2-8EE6-8A1FE6916C6B}.Release|Any CPU.Build.0 = Release|Any CPU
		{845AB37A-88BF-48E0-A653-C3B8E77E65C5}.Debug|Any CPU.ActiveCfg = Debug|Any CPU
		{845AB37A-88BF-48E0-A653-C3B8E77E65C5}.Debug|Any CPU.Build.0 = Debug|Any CPU
		{845AB37A-88BF-48E0-A653-C3B8E77E65C5}.Release|Any CPU.ActiveCfg = Release|Any CPU
		{845AB37A-88BF-48E0-A653-C3B8E77E65C5}.Release|Any CPU.Build.0 = Release|Any CPU
		{EEF4A578-EC1E-42EF-89A2-8A09D053C86A}.Debug|Any CPU.ActiveCfg = Debug|Any CPU
		{EEF4A578-EC1E-42EF-89A2-8A09D053C86A}.Debug|Any CPU.Build.0 = Debug|Any CPU
		{EEF4A578-EC1E-42EF-89A2-8A09D053C86A}.Release|Any CPU.ActiveCfg = Release|Any CPU
		{EEF4A578-EC1E-42EF-89A2-8A09D053C86A}.Release|Any CPU.Build.0 = Release|Any CPU
		{6D14065B-B11C-42A8-8BF0-97DCFBD4AA2A}.Debug|Any CPU.ActiveCfg = Debug|Any CPU
		{6D14065B-B11C-42A8-8BF0-97DCFBD4AA2A}.Debug|Any CPU.Build.0 = Debug|Any CPU
		{6D14065B-B11C-42A8-8BF0-97DCFBD4AA2A}.Release|Any CPU.ActiveCfg = Release|Any CPU
		{6D14065B-B11C-42A8-8BF0-97DCFBD4AA2A}.Release|Any CPU.Build.0 = Release|Any CPU
		{7D489C73-EB8F-4C7A-A4D6-87A413004D72}.Debug|Any CPU.ActiveCfg = Debug|Any CPU
		{7D489C73-EB8F-4C7A-A4D6-87A413004D72}.Debug|Any CPU.Build.0 = Debug|Any CPU
		{7D489C73-EB8F-4C7A-A4D6-87A413004D72}.Release|Any CPU.ActiveCfg = Release|Any CPU
		{7D489C73-EB8F-4C7A-A4D6-87A413004D72}.Release|Any CPU.Build.0 = Release|Any CPU
		{EA201109-2C3D-43B2-A955-7210855A869A}.Debug|Any CPU.ActiveCfg = Debug|Any CPU
		{EA201109-2C3D-43B2-A955-7210855A869A}.Debug|Any CPU.Build.0 = Debug|Any CPU
		{EA201109-2C3D-43B2-A955-7210855A869A}.Release|Any CPU.ActiveCfg = Release|Any CPU
		{EA201109-2C3D-43B2-A955-7210855A869A}.Release|Any CPU.Build.0 = Release|Any CPU
		{D244554C-ED0F-43BA-A56B-CC6B00D4C722}.Debug|Any CPU.ActiveCfg = Debug|Any CPU
		{D244554C-ED0F-43BA-A56B-CC6B00D4C722}.Debug|Any CPU.Build.0 = Debug|Any CPU
		{D244554C-ED0F-43BA-A56B-CC6B00D4C722}.Release|Any CPU.ActiveCfg = Release|Any CPU
		{D244554C-ED0F-43BA-A56B-CC6B00D4C722}.Release|Any CPU.Build.0 = Release|Any CPU
		{93C1D0AA-9A98-467D-B7C7-E5E6D2DD9D51}.Debug|Any CPU.ActiveCfg = Debug|Any CPU
		{93C1D0AA-9A98-467D-B7C7-E5E6D2DD9D51}.Debug|Any CPU.Build.0 = Debug|Any CPU
		{93C1D0AA-9A98-467D-B7C7-E5E6D2DD9D51}.Release|Any CPU.ActiveCfg = Release|Any CPU
		{93C1D0AA-9A98-467D-B7C7-E5E6D2DD9D51}.Release|Any CPU.Build.0 = Release|Any CPU
		{C407D53E-54B8-4895-909F-4739D57EB49D}.Debug|Any CPU.ActiveCfg = Debug|Any CPU
		{C407D53E-54B8-4895-909F-4739D57EB49D}.Debug|Any CPU.Build.0 = Debug|Any CPU
		{C407D53E-54B8-4895-909F-4739D57EB49D}.Release|Any CPU.ActiveCfg = Release|Any CPU
		{C407D53E-54B8-4895-909F-4739D57EB49D}.Release|Any CPU.Build.0 = Release|Any CPU
		{A58E1666-127B-4F72-8069-808891B2BEE1}.Debug|Any CPU.ActiveCfg = Debug|Any CPU
		{A58E1666-127B-4F72-8069-808891B2BEE1}.Debug|Any CPU.Build.0 = Debug|Any CPU
		{A58E1666-127B-4F72-8069-808891B2BEE1}.Release|Any CPU.ActiveCfg = Release|Any CPU
		{A58E1666-127B-4F72-8069-808891B2BEE1}.Release|Any CPU.Build.0 = Release|Any CPU
		{E4F63989-76BC-4221-B09E-044E7C17DB7E}.Debug|Any CPU.ActiveCfg = Debug|Any CPU
		{E4F63989-76BC-4221-B09E-044E7C17DB7E}.Debug|Any CPU.Build.0 = Debug|Any CPU
		{E4F63989-76BC-4221-B09E-044E7C17DB7E}.Release|Any CPU.ActiveCfg = Release|Any CPU
		{E4F63989-76BC-4221-B09E-044E7C17DB7E}.Release|Any CPU.Build.0 = Release|Any CPU
		{64E7C471-B49C-423F-9D4A-1C605E708F0C}.Debug|Any CPU.ActiveCfg = Debug|Any CPU
		{64E7C471-B49C-423F-9D4A-1C605E708F0C}.Debug|Any CPU.Build.0 = Debug|Any CPU
		{64E7C471-B49C-423F-9D4A-1C605E708F0C}.Release|Any CPU.ActiveCfg = Release|Any CPU
		{64E7C471-B49C-423F-9D4A-1C605E708F0C}.Release|Any CPU.Build.0 = Release|Any CPU
		{BE52529D-06D2-4B7D-9A8A-7441A7294C89}.Debug|Any CPU.ActiveCfg = Debug|Any CPU
		{BE52529D-06D2-4B7D-9A8A-7441A7294C89}.Debug|Any CPU.Build.0 = Debug|Any CPU
		{BE52529D-06D2-4B7D-9A8A-7441A7294C89}.Release|Any CPU.ActiveCfg = Release|Any CPU
		{BE52529D-06D2-4B7D-9A8A-7441A7294C89}.Release|Any CPU.Build.0 = Release|Any CPU
	EndGlobalSection
	GlobalSection(SolutionProperties) = preSolution
		HideSolutionNode = FALSE
	EndGlobalSection
	GlobalSection(NestedProjects) = preSolution
		{6D14065B-B11C-42A8-8BF0-97DCFBD4AA2A} = {E296DC13-E25C-493F-9C2E-C4659238EF2C}
		{7D489C73-EB8F-4C7A-A4D6-87A413004D72} = {E296DC13-E25C-493F-9C2E-C4659238EF2C}
		{EA201109-2C3D-43B2-A955-7210855A869A} = {E296DC13-E25C-493F-9C2E-C4659238EF2C}
		{D244554C-ED0F-43BA-A56B-CC6B00D4C722} = {E296DC13-E25C-493F-9C2E-C4659238EF2C}
		{93C1D0AA-9A98-467D-B7C7-E5E6D2DD9D51} = {E296DC13-E25C-493F-9C2E-C4659238EF2C}
		{C407D53E-54B8-4895-909F-4739D57EB49D} = {E296DC13-E25C-493F-9C2E-C4659238EF2C}
		{A58E1666-127B-4F72-8069-808891B2BEE1} = {E296DC13-E25C-493F-9C2E-C4659238EF2C}
		{E4F63989-76BC-4221-B09E-044E7C17DB7E} = {E296DC13-E25C-493F-9C2E-C4659238EF2C}
		{64E7C471-B49C-423F-9D4A-1C605E708F0C} = {E296DC13-E25C-493F-9C2E-C4659238EF2C}
		{BE52529D-06D2-4B7D-9A8A-7441A7294C89} = {E296DC13-E25C-493F-9C2E-C4659238EF2C}
	EndGlobalSection
	GlobalSection(ExtensibilityGlobals) = postSolution
		SolutionGuid = {BE9D7990-B11E-48A9-9FFA-A32BDB5EA01E}
	EndGlobalSection
EndGlobal
